<?xml version="1.0" encoding="utf-8"?>
<Project ToolsVersion="4.0" xmlns="http://schemas.microsoft.com/developer/msbuild/2003">
  <ItemGroup>
    <Filter Include="Source Files">
      <UniqueIdentifier>{4FC737F1-C7A5-4376-A066-2A32D752A2FF}</UniqueIdentifier>
      <Extensions>cpp;c;cc;cxx;def;odl;idl;hpj;bat;asm;asmx</Extensions>
    </Filter>
    <Filter Include="Header Files">
      <UniqueIdentifier>{93995380-89BD-4b04-88EB-625FBE52EBFB}</UniqueIdentifier>
      <Extensions>h;hh;hpp;hxx;hm;inl;inc;ipp;xsd</Extensions>
    </Filter>
    <Filter Include="Resource Files">
      <UniqueIdentifier>{67DA6AB6-F800-4c08-8B7A-83BB121AAD01}</UniqueIdentifier>
      <Extensions>rc;ico;cur;bmp;dlg;rc2;rct;bin;rgs;gif;jpg;jpeg;jpe;resx;tiff;tif;png;wav;mfcribbon-ms</Extensions>
    </Filter>
  </ItemGroup>
  <ItemGroup>
    <ClCompile Include="src\main.cpp">
      <Filter>Source Files</Filter>
    </ClCompile>
    <ClCompile Include="src\pch.cpp">
      <Filter>Source Files</Filter>
    </ClCompile>
    <ClCompile Include="include\libmem++\libmem.cpp">
      <Filter>Source Files</Filter>
    </ClCompile>
    <ClCompile Include="src\base.cpp">
      <Filter>Source Files</Filter>
    </ClCompile>
    <ClCompile Include="src\hooks\hooks.cpp">
      <Filter>Source Files</Filter>
    </ClCompile>
    <ClCompile Include="src\hooks\SwapBuffers.cpp">
      <Filter>Source Files</Filter>
    </ClCompile>
    <ClCompile Include="src\hooks\WndProc.cpp">
      <Filter>Source Files</Filter>
    </ClCompile>
    <ClCompile Include="include\imgui\imgui.cpp">
      <Filter>Source Files</Filter>
    </ClCompile>
    <ClCompile Include="include\imgui\imgui_demo.cpp">
      <Filter>Source Files</Filter>
    </ClCompile>
    <ClCompile Include="include\imgui\imgui_draw.cpp">
      <Filter>Source Files</Filter>
    </ClCompile>
    <ClCompile Include="include\imgui\imgui_impl_opengl2.cpp">
      <Filter>Source Files</Filter>
    </ClCompile>
    <ClCompile Include="include\imgui\imgui_impl_win32.cpp">
      <Filter>Source Files</Filter>
    </ClCompile>
    <ClCompile Include="include\imgui\imgui_tables.cpp">
      <Filter>Source Files</Filter>
    </ClCompile>
    <ClCompile Include="include\imgui\imgui_widgets.cpp">
      <Filter>Source Files</Filter>
    </ClCompile>
    <ClCompile Include="src\hooks\ShowCursor.cpp">
      <Filter>Source Files</Filter>
    </ClCompile>
    <ClCompile Include="src\hooks\c2sinfo.cpp">
      <Filter>Source Files</Filter>
    </ClCompile>
    <ClCompile Include="src\hooks\servertoclient.cpp">
      <Filter>Source Files</Filter>
    </ClCompile>
    <ClCompile Include="src\hacks\Teleport.cpp">
      <Filter>Source Files</Filter>
    </ClCompile>
    <ClCompile Include="src\hooks\movelocalplayer.cpp">
      <Filter>Source Files</Filter>
    </ClCompile>
    <ClCompile Include="src\hacks\Crosshair.cpp">
      <Filter>Source Files</Filter>
    </ClCompile>
    <ClCompile Include="src\hooks\drawcrosshair.cpp">
      <Filter>Source Files</Filter>
    </ClCompile>
    <ClCompile Include="src\hacks\ESP_Snaplines.cpp">
      <Filter>Source Files</Filter>
    </ClCompile>
    <ClCompile Include="src\game.cpp">
      <Filter>Source Files</Filter>
    </ClCompile>
    <ClCompile Include="src\hacks\ESP_Box.cpp">
      <Filter>Source Files</Filter>
    </ClCompile>
    <ClCompile Include="src\hooks\attackphysics.cpp">
      <Filter>Source Files</Filter>
    </ClCompile>
    <ClCompile Include="src\hacks\NoRecoil.cpp">
      <Filter>Source Files</Filter>
    </ClCompile>
    <ClCompile Include="src\hacks\Speedhack.cpp">
      <Filter>Source Files</Filter>
    </ClCompile>
    <ClCompile Include="src\hacks\Triggerbot.cpp">
      <Filter>Source Files</Filter>
    </ClCompile>
    <ClCompile Include="src\hacks\FlyHack.cpp">
      <Filter>Source Files</Filter>
    </ClCompile>
  </ItemGroup>
  <ItemGroup>
    <ClInclude Include="src\pch.h">
      <Filter>Header Files</Filter>
    </ClInclude>
    <ClInclude Include="include\assaultcube\include\AL\al.h">
      <Filter>Header Files</Filter>
    </ClInclude>
    <ClInclude Include="include\assaultcube\include\AL\alc.h">
      <Filter>Header Files</Filter>
    </ClInclude>
    <ClInclude Include="include\assaultcube\include\AL\efx.h">
      <Filter>Header Files</Filter>
    </ClInclude>
    <ClInclude Include="include\assaultcube\include\AL\efx-creative.h">
      <Filter>Header Files</Filter>
    </ClInclude>
    <ClInclude Include="include\assaultcube\include\AL\EFX-Util.h">
      <Filter>Header Files</Filter>
    </ClInclude>
    <ClInclude Include="include\assaultcube\include\AL\xram.h">
      <Filter>Header Files</Filter>
    </ClInclude>
    <ClInclude Include="include\assaultcube\include\enet\callbacks.h">
      <Filter>Header Files</Filter>
    </ClInclude>
    <ClInclude Include="include\assaultcube\include\enet\enet.h">
      <Filter>Header Files</Filter>
    </ClInclude>
    <ClInclude Include="include\assaultcube\include\enet\list.h">
      <Filter>Header Files</Filter>
    </ClInclude>
    <ClInclude Include="include\assaultcube\include\enet\protocol.h">
      <Filter>Header Files</Filter>
    </ClInclude>
    <ClInclude Include="include\assaultcube\include\enet\time.h">
      <Filter>Header Files</Filter>
    </ClInclude>
    <ClInclude Include="include\assaultcube\include\enet\types.h">
      <Filter>Header Files</Filter>
    </ClInclude>
    <ClInclude Include="include\assaultcube\include\enet\unix.h">
      <Filter>Header Files</Filter>
    </ClInclude>
    <ClInclude Include="include\assaultcube\include\enet\utility.h">
      <Filter>Header Files</Filter>
    </ClInclude>
    <ClInclude Include="include\assaultcube\include\enet\win32.h">
      <Filter>Header Files</Filter>
    </ClInclude>
    <ClInclude Include="include\assaultcube\include\GL\glext.h">
      <Filter>Header Files</Filter>
    </ClInclude>
    <ClInclude Include="include\assaultcube\include\ogg\ogg.h">
      <Filter>Header Files</Filter>
    </ClInclude>
    <ClInclude Include="include\assaultcube\include\ogg\os_types.h">
      <Filter>Header Files</Filter>
    </ClInclude>
    <ClInclude Include="include\assaultcube\include\vorbis\codec.h">
      <Filter>Header Files</Filter>
    </ClInclude>
    <ClInclude Include="include\assaultcube\include\vorbis\vorbisenc.h">
      <Filter>Header Files</Filter>
    </ClInclude>
    <ClInclude Include="include\assaultcube\include\vorbis\vorbisfile.h">
      <Filter>Header Files</Filter>
    </ClInclude>
    <ClInclude Include="include\assaultcube\include\begin_code.h">
      <Filter>Header Files</Filter>
    </ClInclude>
    <ClInclude Include="include\assaultcube\include\close_code.h">
      <Filter>Header Files</Filter>
    </ClInclude>
    <ClInclude Include="include\assaultcube\include\jconfig.h">
      <Filter>Header Files</Filter>
    </ClInclude>
    <ClInclude Include="include\assaultcube\include\jerror.h">
      <Filter>Header Files</Filter>
    </ClInclude>
    <ClInclude Include="include\assaultcube\include\jmorecfg.h">
      <Filter>Header Files</Filter>
    </ClInclude>
    <ClInclude Include="include\assaultcube\include\jpeglib.h">
      <Filter>Header Files</Filter>
    </ClInclude>
    <ClInclude Include="include\assaultcube\include\SDL.h">
      <Filter>Header Files</Filter>
    </ClInclude>
    <ClInclude Include="include\assaultcube\include\SDL_active.h">
      <Filter>Header Files</Filter>
    </ClInclude>
    <ClInclude Include="include\assaultcube\include\SDL_audio.h">
      <Filter>Header Files</Filter>
    </ClInclude>
    <ClInclude Include="include\assaultcube\include\SDL_byteorder.h">
      <Filter>Header Files</Filter>
    </ClInclude>
    <ClInclude Include="include\assaultcube\include\SDL_cdrom.h">
      <Filter>Header Files</Filter>
    </ClInclude>
    <ClInclude Include="include\assaultcube\include\SDL_config.h">
      <Filter>Header Files</Filter>
    </ClInclude>
    <ClInclude Include="include\assaultcube\include\SDL_config_macosx.h">
      <Filter>Header Files</Filter>
    </ClInclude>
    <ClInclude Include="include\assaultcube\include\SDL_config_win32.h">
      <Filter>Header Files</Filter>
    </ClInclude>
    <ClInclude Include="include\assaultcube\include\SDL_copying.h">
      <Filter>Header Files</Filter>
    </ClInclude>
    <ClInclude Include="include\assaultcube\include\SDL_cpuinfo.h">
      <Filter>Header Files</Filter>
    </ClInclude>
    <ClInclude Include="include\assaultcube\include\SDL_endian.h">
      <Filter>Header Files</Filter>
    </ClInclude>
    <ClInclude Include="include\assaultcube\include\SDL_error.h">
      <Filter>Header Files</Filter>
    </ClInclude>
    <ClInclude Include="include\assaultcube\include\SDL_events.h">
      <Filter>Header Files</Filter>
    </ClInclude>
    <ClInclude Include="include\assaultcube\include\SDL_getenv.h">
      <Filter>Header Files</Filter>
    </ClInclude>
    <ClInclude Include="include\assaultcube\include\SDL_image.h">
      <Filter>Header Files</Filter>
    </ClInclude>
    <ClInclude Include="include\assaultcube\include\SDL_joystick.h">
      <Filter>Header Files</Filter>
    </ClInclude>
    <ClInclude Include="include\assaultcube\include\SDL_keyboard.h">
      <Filter>Header Files</Filter>
    </ClInclude>
    <ClInclude Include="include\assaultcube\include\SDL_keysym.h">
      <Filter>Header Files</Filter>
    </ClInclude>
    <ClInclude Include="include\assaultcube\include\SDL_loadso.h">
      <Filter>Header Files</Filter>
    </ClInclude>
    <ClInclude Include="include\assaultcube\include\SDL_main.h">
      <Filter>Header Files</Filter>
    </ClInclude>
    <ClInclude Include="include\assaultcube\include\SDL_mouse.h">
      <Filter>Header Files</Filter>
    </ClInclude>
    <ClInclude Include="include\assaultcube\include\SDL_mutex.h">
      <Filter>Header Files</Filter>
    </ClInclude>
    <ClInclude Include="include\assaultcube\include\SDL_name.h">
      <Filter>Header Files</Filter>
    </ClInclude>
    <ClInclude Include="include\assaultcube\include\SDL_opengl.h">
      <Filter>Header Files</Filter>
    </ClInclude>
    <ClInclude Include="include\assaultcube\include\SDL_platform.h">
      <Filter>Header Files</Filter>
    </ClInclude>
    <ClInclude Include="include\assaultcube\include\SDL_quit.h">
      <Filter>Header Files</Filter>
    </ClInclude>
    <ClInclude Include="include\assaultcube\include\SDL_rwops.h">
      <Filter>Header Files</Filter>
    </ClInclude>
    <ClInclude Include="include\assaultcube\include\SDL_stdinc.h">
      <Filter>Header Files</Filter>
    </ClInclude>
    <ClInclude Include="include\assaultcube\include\SDL_syswm.h">
      <Filter>Header Files</Filter>
    </ClInclude>
    <ClInclude Include="include\assaultcube\include\SDL_thread.h">
      <Filter>Header Files</Filter>
    </ClInclude>
    <ClInclude Include="include\assaultcube\include\SDL_timer.h">
      <Filter>Header Files</Filter>
    </ClInclude>
    <ClInclude Include="include\assaultcube\include\SDL_types.h">
      <Filter>Header Files</Filter>
    </ClInclude>
    <ClInclude Include="include\assaultcube\include\SDL_version.h">
      <Filter>Header Files</Filter>
    </ClInclude>
    <ClInclude Include="include\assaultcube\include\SDL_video.h">
      <Filter>Header Files</Filter>
    </ClInclude>
    <ClInclude Include="include\assaultcube\include\zconf.h">
      <Filter>Header Files</Filter>
    </ClInclude>
    <ClInclude Include="include\assaultcube\include\zlib.h">
      <Filter>Header Files</Filter>
    </ClInclude>
    <ClInclude Include="include\assaultcube\src\bot\ac_bot.h">
      <Filter>Header Files</Filter>
    </ClInclude>
    <ClInclude Include="include\assaultcube\src\bot\bot.h">
      <Filter>Header Files</Filter>
    </ClInclude>
    <ClInclude Include="include\assaultcube\src\bot\bot_util.h">
      <Filter>Header Files</Filter>
    </ClInclude>
    <ClInclude Include="include\assaultcube\src\bot\bot_waypoint.h">
      <Filter>Header Files</Filter>
    </ClInclude>
    <ClInclude Include="include\assaultcube\src\command.h">
      <Filter>Header Files</Filter>
    </ClInclude>
    <ClInclude Include="include\assaultcube\src\console.h">
      <Filter>Header Files</Filter>
    </ClInclude>
    <ClInclude Include="include\assaultcube\src\crypto_tools.h">
      <Filter>Header Files</Filter>
    </ClInclude>
    <ClInclude Include="include\assaultcube\src\cube.h">
      <Filter>Header Files</Filter>
    </ClInclude>
    <ClInclude Include="include\assaultcube\src\entity.h">
      <Filter>Header Files</Filter>
    </ClInclude>
    <ClInclude Include="include\assaultcube\src\geom.h">
      <Filter>Header Files</Filter>
    </ClInclude>
    <ClInclude Include="include\assaultcube\src\hudgun.h">
      <Filter>Header Files</Filter>
    </ClInclude>
    <ClInclude Include="include\assaultcube\src\jpegenc.h">
      <Filter>Header Files</Filter>
    </ClInclude>
    <ClInclude Include="include\assaultcube\src\md2.h">
      <Filter>Header Files</Filter>
    </ClInclude>
    <ClInclude Include="include\assaultcube\src\md3.h">
      <Filter>Header Files</Filter>
    </ClInclude>
    <ClInclude Include="include\assaultcube\src\model.h">
      <Filter>Header Files</Filter>
    </ClInclude>
    <ClInclude Include="include\assaultcube\src\modelcache.h">
      <Filter>Header Files</Filter>
    </ClInclude>
    <ClInclude Include="include\assaultcube\src\platform.h">
      <Filter>Header Files</Filter>
    </ClInclude>
    <ClInclude Include="include\assaultcube\src\protocol.h">
      <Filter>Header Files</Filter>
    </ClInclude>
    <ClInclude Include="include\assaultcube\src\protos.h">
      <Filter>Header Files</Filter>
    </ClInclude>
    <ClInclude Include="include\assaultcube\src\scale.h">
      <Filter>Header Files</Filter>
    </ClInclude>
    <ClInclude Include="include\assaultcube\src\server.h">
      <Filter>Header Files</Filter>
    </ClInclude>
    <ClInclude Include="include\assaultcube\src\serveractions.h">
      <Filter>Header Files</Filter>
    </ClInclude>
    <ClInclude Include="include\assaultcube\src\serverchecks.h">
      <Filter>Header Files</Filter>
    </ClInclude>
    <ClInclude Include="include\assaultcube\src\servercontroller.h">
      <Filter>Header Files</Filter>
    </ClInclude>
    <ClInclude Include="include\assaultcube\src\serverevents.h">
      <Filter>Header Files</Filter>
    </ClInclude>
    <ClInclude Include="include\assaultcube\src\serverfiles.h">
      <Filter>Header Files</Filter>
    </ClInclude>
    <ClInclude Include="include\assaultcube\src\sound.h">
      <Filter>Header Files</Filter>
    </ClInclude>
    <ClInclude Include="include\assaultcube\src\tools.h">
      <Filter>Header Files</Filter>
    </ClInclude>
    <ClInclude Include="include\assaultcube\src\tristrip.h">
      <Filter>Header Files</Filter>
    </ClInclude>
    <ClInclude Include="include\assaultcube\src\varray.h">
      <Filter>Header Files</Filter>
    </ClInclude>
    <ClInclude Include="include\assaultcube\src\vertmodel.h">
      <Filter>Header Files</Filter>
    </ClInclude>
    <ClInclude Include="include\assaultcube\src\vote.h">
      <Filter>Header Files</Filter>
    </ClInclude>
    <ClInclude Include="include\assaultcube\src\weapon.h">
      <Filter>Header Files</Filter>
    </ClInclude>
    <ClInclude Include="include\assaultcube\src\winserviceinstaller.h">
      <Filter>Header Files</Filter>
    </ClInclude>
    <ClInclude Include="include\assaultcube\src\world.h">
      <Filter>Header Files</Filter>
    </ClInclude>
    <ClInclude Include="include\assaultcube\sdk.h">
      <Filter>Header Files</Filter>
    </ClInclude>
    <ClInclude Include="include\libmem++\libmem.hpp">
      <Filter>Header Files</Filter>
    </ClInclude>
    <ClInclude Include="src\base.h">
      <Filter>Header Files</Filter>
    </ClInclude>
    <ClInclude Include="include\imgui\imconfig.h">
      <Filter>Header Files</Filter>
    </ClInclude>
    <ClInclude Include="include\imgui\imgui.h">
      <Filter>Header Files</Filter>
    </ClInclude>
    <ClInclude Include="include\imgui\imgui_impl_opengl2.h">
      <Filter>Header Files</Filter>
    </ClInclude>
    <ClInclude Include="include\imgui\imgui_impl_win32.h">
      <Filter>Header Files</Filter>
    </ClInclude>
    <ClInclude Include="include\imgui\imgui_internal.h">
      <Filter>Header Files</Filter>
    </ClInclude>
    <ClInclude Include="include\imgui\imstb_rectpack.h">
      <Filter>Header Files</Filter>
    </ClInclude>
    <ClInclude Include="include\imgui\imstb_textedit.h">
      <Filter>Header Files</Filter>
    </ClInclude>
    <ClInclude Include="include\imgui\imstb_truetype.h">
      <Filter>Header Files</Filter>
    </ClInclude>
    <ClInclude Include="src\game.h">
      <Filter>Header Files</Filter>
    </ClInclude>
    <ClInclude Include="include\assaultcube\include\curl\curl.h">
      <Filter>Header Files</Filter>
    </ClInclude>
    <ClInclude Include="include\assaultcube\include\curl\curlver.h">
      <Filter>Header Files</Filter>
    </ClInclude>
    <ClInclude Include="include\assaultcube\include\curl\easy.h">
      <Filter>Header Files</Filter>
    </ClInclude>
    <ClInclude Include="include\assaultcube\include\curl\mprintf.h">
      <Filter>Header Files</Filter>
    </ClInclude>
    <ClInclude Include="include\assaultcube\include\curl\multi.h">
      <Filter>Header Files</Filter>
    </ClInclude>
    <ClInclude Include="include\assaultcube\include\curl\stdcheaders.h">
      <Filter>Header Files</Filter>
    </ClInclude>
    <ClInclude Include="include\assaultcube\include\curl\types.h">
      <Filter>Header Files</Filter>
    </ClInclude>
    <ClInclude Include="include\assaultcube\include\utf8\checked.h">
      <Filter>Header Files</Filter>
    </ClInclude>
    <ClInclude Include="include\assaultcube\include\utf8\core.h">
      <Filter>Header Files</Filter>
    </ClInclude>
    <ClInclude Include="include\assaultcube\include\utf8\unchecked.h">
      <Filter>Header Files</Filter>
    </ClInclude>
    <ClInclude Include="include\assaultcube\include\libintl.h">
      <Filter>Header Files</Filter>
    </ClInclude>
    <ClInclude Include="include\assaultcube\include\SDL_ttf.h">
      <Filter>Header Files</Filter>
    </ClInclude>
    <ClInclude Include="include\assaultcube\include\utf8.h">
      <Filter>Header Files</Filter>
    </ClInclude>
    <ClInclude Include="include\assaultcube\src\i18n.h">
      <Filter>Header Files</Filter>
    </ClInclude>
  </ItemGroup>
  <ItemGroup>
    <Text Include="build\readme.txt" />
    <Text Include="assets\readme.txt" />
  </ItemGroup>
  <ItemGroup>
    <Library Include="include\assaultcube\lib\EFX-Util.lib" />
    <Library Include="include\assaultcube\lib\enet.lib" />
    <Library Include="include\assaultcube\lib\jpeg.lib" />
    <Library Include="include\assaultcube\lib\ogg.lib" />
    <Library Include="include\assaultcube\lib\OpenAL32.lib" />
    <Library Include="include\assaultcube\lib\SDL.lib" />
    <Library Include="include\assaultcube\lib\SDL_image.lib" />
    <Library Include="include\assaultcube\lib\vorbis.lib" />
    <Library Include="include\assaultcube\lib\winmm.lib" />
    <Library Include="include\assaultcube\lib\ws2_32.lib" />
    <Library Include="include\assaultcube\lib\zdll.lib" />
    <Library Include="include\assaultcube\lib\libcurl.lib" />
    <Library Include="include\assaultcube\lib\libintl.lib" />
    <Library Include="include\assaultcube\lib\libvorbisfile.lib" />
    <Library Include="include\assaultcube\lib\SDL_ttf.lib" />
    <Library Include="include\assaultcube\lib\wldap32.lib" />
  </ItemGroup>
</Project>